// !$*UTF8*$!
{
	archiveVersion = 1;
	classes = {
	};
	objectVersion = 48;
	objects = {

/* Begin PBXBuildFile section */
		C802EA581FAF949A007A15F7 /* SimulaHip.swift in Sources */ = {isa = PBXBuildFile; fileRef = C802EA571FAF949A007A15F7 /* SimulaHip.swift */; };
		C802EA5B1FAF94C9007A15F7 /* SimulaHip_2.swift in Sources */ = {isa = PBXBuildFile; fileRef = C802EA5A1FAF94C9007A15F7 /* SimulaHip_2.swift */; };
		C805F1721FB59BC800DC941F /* SimulaHip_3.swift in Sources */ = {isa = PBXBuildFile; fileRef = C805F1711FB59BC700DC941F /* SimulaHip_3.swift */; };
		C80C47A81FBE2AD4001D0F64 /* RandomizeUt_3.swift in Sources */ = {isa = PBXBuildFile; fileRef = C80C47A71FBE2AD4001D0F64 /* RandomizeUt_3.swift */; };
		C84972191FAE46A4002AB709 /* simulaTest.swift in Sources */ = {isa = PBXBuildFile; fileRef = C84972181FAE46A4002AB709 /* simulaTest.swift */; };
		C856BC781FBEF46C0049CFCC /* MathFunctions.swift in Sources */ = {isa = PBXBuildFile; fileRef = C856BC771FBEF46C0049CFCC /* MathFunctions.swift */; };
		C856BC7A1FBF57420049CFCC /* MAth__Tests.swift in Sources */ = {isa = PBXBuildFile; fileRef = C856BC791FBF57420049CFCC /* MAth__Tests.swift */; };
		C856BC7C1FC2D2210049CFCC /* Mix_test.swift in Sources */ = {isa = PBXBuildFile; fileRef = C856BC7B1FC2D2210049CFCC /* Mix_test.swift */; };
		C8667C3B1FC70F8C00519218 /* Mix_Mortgage2.swift in Sources */ = {isa = PBXBuildFile; fileRef = C8667C3A1FC70F8C00519218 /* Mix_Mortgage2.swift */; };
		C8745BDF1F9E881D009607C1 /* AppDelegate.swift in Sources */ = {isa = PBXBuildFile; fileRef = C8745BDE1F9E881D009607C1 /* AppDelegate.swift */; };
		C8745BE11F9E881D009607C1 /* ViewController.swift in Sources */ = {isa = PBXBuildFile; fileRef = C8745BE01F9E881D009607C1 /* ViewController.swift */; };
		C8745BE41F9E881D009607C1 /* Main.storyboard in Resources */ = {isa = PBXBuildFile; fileRef = C8745BE21F9E881D009607C1 /* Main.storyboard */; };
		C8745BE61F9E881D009607C1 /* Assets.xcassets in Resources */ = {isa = PBXBuildFile; fileRef = C8745BE51F9E881D009607C1 /* Assets.xcassets */; };
		C8745BE91F9E881D009607C1 /* LaunchScreen.storyboard in Resources */ = {isa = PBXBuildFile; fileRef = C8745BE71F9E881D009607C1 /* LaunchScreen.storyboard */; };
		C8745BF41F9E881D009607C1 /* Mortagage_UtilitiesTests.swift in Sources */ = {isa = PBXBuildFile; fileRef = C8745BF31F9E881D009607C1 /* Mortagage_UtilitiesTests.swift */; };
		C8745BFF1F9E881D009607C1 /* Mortagage_UtilitiesUITests.swift in Sources */ = {isa = PBXBuildFile; fileRef = C8745BFE1F9E881D009607C1 /* Mortagage_UtilitiesUITests.swift */; };
		C8745C0D1F9E8C08009607C1 /* FilesUtil.swift in Sources */ = {isa = PBXBuildFile; fileRef = C8745C0C1F9E8C08009607C1 /* FilesUtil.swift */; };
		C8745C0F1F9EFE26009607C1 /* Mix.swift in Sources */ = {isa = PBXBuildFile; fileRef = C8745C0E1F9EFE26009607C1 /* Mix.swift */; };
		C8745C121F9EFFBC009607C1 /* Mix_Mortgage.swift in Sources */ = {isa = PBXBuildFile; fileRef = C8745C101F9EFFA2009607C1 /* Mix_Mortgage.swift */; };
		C8745C191F9F010D009607C1 /* SimulaHipotecaFut.swift in Sources */ = {isa = PBXBuildFile; fileRef = C8745C141F9F010D009607C1 /* SimulaHipotecaFut.swift */; };
		C8745C1A1F9F010D009607C1 /* DatesTools.swift in Sources */ = {isa = PBXBuildFile; fileRef = C8745C151F9F010D009607C1 /* DatesTools.swift */; };
		C8745C1B1F9F010D009607C1 /* CashFlowSim.swift in Sources */ = {isa = PBXBuildFile; fileRef = C8745C161F9F010D009607C1 /* CashFlowSim.swift */; };
		C8745C1C1F9F010D009607C1 /* FileTools.swift in Sources */ = {isa = PBXBuildFile; fileRef = C8745C171F9F010D009607C1 /* FileTools.swift */; };
		C8745C1D1F9F010D009607C1 /* calculusHipoteca.swift in Sources */ = {isa = PBXBuildFile; fileRef = C8745C181F9F010D009607C1 /* calculusHipoteca.swift */; };
		C8745C1F1F9F2485009607C1 /* Functionals_Utilities.swift in Sources */ = {isa = PBXBuildFile; fileRef = C8745C1E1F9F2485009607C1 /* Functionals_Utilities.swift */; };
		C8B15E6F1FA9A84F005E68FA /* RandomizeUt.swift in Sources */ = {isa = PBXBuildFile; fileRef = C8B15E6E1FA9A84F005E68FA /* RandomizeUt.swift */; };
		C8EC9FA21FC4201400C412CA /* RandomizeUt_4.swift in Sources */ = {isa = PBXBuildFile; fileRef = C8EC9FA11FC4201400C412CA /* RandomizeUt_4.swift */; };
		C8EC9FA41FC6F05B00C412CA /* Mix_MOrtgage_Test.swift in Sources */ = {isa = PBXBuildFile; fileRef = C8EC9FA31FC6F05B00C412CA /* Mix_MOrtgage_Test.swift */; };
		C8FA30631FA9BCE600984466 /* RandomizeUt_2.swift in Sources */ = {isa = PBXBuildFile; fileRef = C8FA30621FA9BCE600984466 /* RandomizeUt_2.swift */; };
		C8FA30651FA9C07E00984466 /* Functional_Utilities_2.swift in Sources */ = {isa = PBXBuildFile; fileRef = C8FA30641FA9C07E00984466 /* Functional_Utilities_2.swift */; };
		C8FA30671FA9CB0900984466 /* randomizeTests.swift in Sources */ = {isa = PBXBuildFile; fileRef = C8FA30661FA9CB0900984466 /* randomizeTests.swift */; };
		C8FA30691FA9DA4000984466 /* functionalTests.swift in Sources */ = {isa = PBXBuildFile; fileRef = C8FA30681FA9DA4000984466 /* functionalTests.swift */; };
/* End PBXBuildFile section */

/* Begin PBXContainerItemProxy section */
		C8745BF01F9E881D009607C1 /* PBXContainerItemProxy */ = {
			isa = PBXContainerItemProxy;
			containerPortal = C8745BD31F9E881D009607C1 /* Project object */;
			proxyType = 1;
			remoteGlobalIDString = C8745BDA1F9E881D009607C1;
			remoteInfo = Mortagage_Utilities;
		};
		C8745BFB1F9E881D009607C1 /* PBXContainerItemProxy */ = {
			isa = PBXContainerItemProxy;
			containerPortal = C8745BD31F9E881D009607C1 /* Project object */;
			proxyType = 1;
			remoteGlobalIDString = C8745BDA1F9E881D009607C1;
			remoteInfo = Mortagage_Utilities;
		};
/* End PBXContainerItemProxy section */

/* Begin PBXFileReference section */
		C802EA571FAF949A007A15F7 /* SimulaHip.swift */ = {isa = PBXFileReference; lastKnownFileType = sourcecode.swift; path = SimulaHip.swift; sourceTree = "<group>"; };
		C802EA5A1FAF94C9007A15F7 /* SimulaHip_2.swift */ = {isa = PBXFileReference; lastKnownFileType = sourcecode.swift; path = SimulaHip_2.swift; sourceTree = "<group>"; };
		C805F1711FB59BC700DC941F /* SimulaHip_3.swift */ = {isa = PBXFileReference; lastKnownFileType = sourcecode.swift; path = SimulaHip_3.swift; sourceTree = "<group>"; };
		C80C47A71FBE2AD4001D0F64 /* RandomizeUt_3.swift */ = {isa = PBXFileReference; lastKnownFileType = sourcecode.swift; path = RandomizeUt_3.swift; sourceTree = "<group>"; };
		C84972181FAE46A4002AB709 /* simulaTest.swift */ = {isa = PBXFileReference; lastKnownFileType = sourcecode.swift; path = simulaTest.swift; sourceTree = "<group>"; };
		C856BC771FBEF46C0049CFCC /* MathFunctions.swift */ = {isa = PBXFileReference; lastKnownFileType = sourcecode.swift; path = MathFunctions.swift; sourceTree = "<group>"; };
		C856BC791FBF57420049CFCC /* MAth__Tests.swift */ = {isa = PBXFileReference; lastKnownFileType = sourcecode.swift; path = MAth__Tests.swift; sourceTree = "<group>"; };
		C856BC7B1FC2D2210049CFCC /* Mix_test.swift */ = {isa = PBXFileReference; lastKnownFileType = sourcecode.swift; path = Mix_test.swift; sourceTree = "<group>"; };
		C8667C3A1FC70F8C00519218 /* Mix_Mortgage2.swift */ = {isa = PBXFileReference; lastKnownFileType = sourcecode.swift; path = Mix_Mortgage2.swift; sourceTree = "<group>"; };
		C8745BDB1F9E881D009607C1 /* Mortagage_Utilities.app */ = {isa = PBXFileReference; explicitFileType = wrapper.application; includeInIndex = 0; path = Mortagage_Utilities.app; sourceTree = BUILT_PRODUCTS_DIR; };
		C8745BDE1F9E881D009607C1 /* AppDelegate.swift */ = {isa = PBXFileReference; lastKnownFileType = sourcecode.swift; path = AppDelegate.swift; sourceTree = "<group>"; };
		C8745BE01F9E881D009607C1 /* ViewController.swift */ = {isa = PBXFileReference; lastKnownFileType = sourcecode.swift; path = ViewController.swift; sourceTree = "<group>"; };
		C8745BE31F9E881D009607C1 /* Base */ = {isa = PBXFileReference; lastKnownFileType = file.storyboard; name = Base; path = Base.lproj/Main.storyboard; sourceTree = "<group>"; };
		C8745BE51F9E881D009607C1 /* Assets.xcassets */ = {isa = PBXFileReference; lastKnownFileType = folder.assetcatalog; path = Assets.xcassets; sourceTree = "<group>"; };
		C8745BE81F9E881D009607C1 /* Base */ = {isa = PBXFileReference; lastKnownFileType = file.storyboard; name = Base; path = Base.lproj/LaunchScreen.storyboard; sourceTree = "<group>"; };
		C8745BEA1F9E881D009607C1 /* Info.plist */ = {isa = PBXFileReference; lastKnownFileType = text.plist.xml; path = Info.plist; sourceTree = "<group>"; };
		C8745BEF1F9E881D009607C1 /* Mortagage_UtilitiesTests.xctest */ = {isa = PBXFileReference; explicitFileType = wrapper.cfbundle; includeInIndex = 0; path = Mortagage_UtilitiesTests.xctest; sourceTree = BUILT_PRODUCTS_DIR; };
		C8745BF31F9E881D009607C1 /* Mortagage_UtilitiesTests.swift */ = {isa = PBXFileReference; lastKnownFileType = sourcecode.swift; path = Mortagage_UtilitiesTests.swift; sourceTree = "<group>"; };
		C8745BF51F9E881D009607C1 /* Info.plist */ = {isa = PBXFileReference; lastKnownFileType = text.plist.xml; path = Info.plist; sourceTree = "<group>"; };
		C8745BFA1F9E881D009607C1 /* Mortagage_UtilitiesUITests.xctest */ = {isa = PBXFileReference; explicitFileType = wrapper.cfbundle; includeInIndex = 0; path = Mortagage_UtilitiesUITests.xctest; sourceTree = BUILT_PRODUCTS_DIR; };
		C8745BFE1F9E881D009607C1 /* Mortagage_UtilitiesUITests.swift */ = {isa = PBXFileReference; lastKnownFileType = sourcecode.swift; path = Mortagage_UtilitiesUITests.swift; sourceTree = "<group>"; };
		C8745C001F9E881D009607C1 /* Info.plist */ = {isa = PBXFileReference; lastKnownFileType = text.plist.xml; path = Info.plist; sourceTree = "<group>"; };
		C8745C0C1F9E8C08009607C1 /* FilesUtil.swift */ = {isa = PBXFileReference; lastKnownFileType = sourcecode.swift; path = FilesUtil.swift; sourceTree = "<group>"; };
		C8745C0E1F9EFE26009607C1 /* Mix.swift */ = {isa = PBXFileReference; lastKnownFileType = sourcecode.swift; path = Mix.swift; sourceTree = "<group>"; };
		C8745C101F9EFFA2009607C1 /* Mix_Mortgage.swift */ = {isa = PBXFileReference; lastKnownFileType = sourcecode.swift; path = Mix_Mortgage.swift; sourceTree = "<group>"; };
		C8745C141F9F010D009607C1 /* SimulaHipotecaFut.swift */ = {isa = PBXFileReference; fileEncoding = 4; lastKnownFileType = sourcecode.swift; name = SimulaHipotecaFut.swift; path = "../../../../../../Desktop/swift/Mortgage Utilities/Mortga/SimulaHipotecaFut.swift"; sourceTree = "<group>"; };
		C8745C151F9F010D009607C1 /* DatesTools.swift */ = {isa = PBXFileReference; fileEncoding = 4; lastKnownFileType = sourcecode.swift; name = DatesTools.swift; path = "../../../../../../Desktop/swift/Mortgage Utilities/Mortga/DatesTools.swift"; sourceTree = "<group>"; };
		C8745C161F9F010D009607C1 /* CashFlowSim.swift */ = {isa = PBXFileReference; fileEncoding = 4; lastKnownFileType = sourcecode.swift; name = CashFlowSim.swift; path = "../../../../../../Desktop/swift/Mortgage Utilities/Mortga/CashFlowSim.swift"; sourceTree = "<group>"; };
		C8745C171F9F010D009607C1 /* FileTools.swift */ = {isa = PBXFileReference; fileEncoding = 4; lastKnownFileType = sourcecode.swift; name = FileTools.swift; path = "../../../../../../Desktop/swift/Mortgage Utilities/Mortga/FileTools.swift"; sourceTree = "<group>"; };
		C8745C181F9F010D009607C1 /* calculusHipoteca.swift */ = {isa = PBXFileReference; fileEncoding = 4; lastKnownFileType = sourcecode.swift; name = calculusHipoteca.swift; path = "../../../../../../Desktop/swift/Mortgage Utilities/Mortga/calculusHipoteca.swift"; sourceTree = "<group>"; };
		C8745C1E1F9F2485009607C1 /* Functionals_Utilities.swift */ = {isa = PBXFileReference; lastKnownFileType = sourcecode.swift; path = Functionals_Utilities.swift; sourceTree = "<group>"; };
		C8B15E6E1FA9A84F005E68FA /* RandomizeUt.swift */ = {isa = PBXFileReference; lastKnownFileType = sourcecode.swift; path = RandomizeUt.swift; sourceTree = "<group>"; };
		C8EC9FA11FC4201400C412CA /* RandomizeUt_4.swift */ = {isa = PBXFileReference; lastKnownFileType = sourcecode.swift; path = RandomizeUt_4.swift; sourceTree = "<group>"; };
		C8EC9FA31FC6F05B00C412CA /* Mix_MOrtgage_Test.swift */ = {isa = PBXFileReference; lastKnownFileType = sourcecode.swift; path = Mix_MOrtgage_Test.swift; sourceTree = "<group>"; };
		C8FA30621FA9BCE600984466 /* RandomizeUt_2.swift */ = {isa = PBXFileReference; lastKnownFileType = sourcecode.swift; path = RandomizeUt_2.swift; sourceTree = "<group>"; };
		C8FA30641FA9C07E00984466 /* Functional_Utilities_2.swift */ = {isa = PBXFileReference; lastKnownFileType = sourcecode.swift; path = Functional_Utilities_2.swift; sourceTree = "<group>"; };
		C8FA30661FA9CB0900984466 /* randomizeTests.swift */ = {isa = PBXFileReference; lastKnownFileType = sourcecode.swift; path = randomizeTests.swift; sourceTree = "<group>"; };
		C8FA30681FA9DA4000984466 /* functionalTests.swift */ = {isa = PBXFileReference; lastKnownFileType = sourcecode.swift; path = functionalTests.swift; sourceTree = "<group>"; };
/* End PBXFileReference section */

/* Begin PBXFrameworksBuildPhase section */
		C8745BD81F9E881D009607C1 /* Frameworks */ = {
			isa = PBXFrameworksBuildPhase;
			buildActionMask = 2147483647;
			files = (
			);
			runOnlyForDeploymentPostprocessing = 0;
		};
		C8745BEC1F9E881D009607C1 /* Frameworks */ = {
			isa = PBXFrameworksBuildPhase;
			buildActionMask = 2147483647;
			files = (
			);
			runOnlyForDeploymentPostprocessing = 0;
		};
		C8745BF71F9E881D009607C1 /* Frameworks */ = {
			isa = PBXFrameworksBuildPhase;
			buildActionMask = 2147483647;
			files = (
			);
			runOnlyForDeploymentPostprocessing = 0;
		};
/* End PBXFrameworksBuildPhase section */

/* Begin PBXGroup section */
		C802EA591FAF94A6007A15F7 /* FuncStyle */ = {
			isa = PBXGroup;
			children = (
				C802EA571FAF949A007A15F7 /* SimulaHip.swift */,
				C802EA5A1FAF94C9007A15F7 /* SimulaHip_2.swift */,
				C805F1711FB59BC700DC941F /* SimulaHip_3.swift */,
			);
			path = FuncStyle;
			sourceTree = "<group>";
		};
		C8745BD21F9E881D009607C1 = {
			isa = PBXGroup;
			children = (
				C8745BDD1F9E881D009607C1 /* Mortagage_Utilities */,
				C8745BF21F9E881D009607C1 /* Mortagage_UtilitiesTests */,
				C8745BFD1F9E881D009607C1 /* Mortagage_UtilitiesUITests */,
				C8745BDC1F9E881D009607C1 /* Products */,
			);
			sourceTree = "<group>";
		};
		C8745BDC1F9E881D009607C1 /* Products */ = {
			isa = PBXGroup;
			children = (
				C8745BDB1F9E881D009607C1 /* Mortagage_Utilities.app */,
				C8745BEF1F9E881D009607C1 /* Mortagage_UtilitiesTests.xctest */,
				C8745BFA1F9E881D009607C1 /* Mortagage_UtilitiesUITests.xctest */,
			);
			name = Products;
			sourceTree = "<group>";
		};
		C8745BDD1F9E881D009607C1 /* Mortagage_Utilities */ = {
			isa = PBXGroup;
			children = (
				C8745C201F9F248D009607C1 /* Funct */,
				C8745C131F9F00E4009607C1 /* util */,
				C8745BDE1F9E881D009607C1 /* AppDelegate.swift */,
				C8745BE01F9E881D009607C1 /* ViewController.swift */,
				C8745C0C1F9E8C08009607C1 /* FilesUtil.swift */,
				C8745BE21F9E881D009607C1 /* Main.storyboard */,
				C8745BE51F9E881D009607C1 /* Assets.xcassets */,
				C8745BE71F9E881D009607C1 /* LaunchScreen.storyboard */,
				C8745BEA1F9E881D009607C1 /* Info.plist */,
			);
			path = Mortagage_Utilities;
			sourceTree = "<group>";
		};
		C8745BF21F9E881D009607C1 /* Mortagage_UtilitiesTests */ = {
			isa = PBXGroup;
			children = (
				C8745BF31F9E881D009607C1 /* Mortagage_UtilitiesTests.swift */,
				C8745BF51F9E881D009607C1 /* Info.plist */,
				C8FA30661FA9CB0900984466 /* randomizeTests.swift */,
				C8FA30681FA9DA4000984466 /* functionalTests.swift */,
				C84972181FAE46A4002AB709 /* simulaTest.swift */,
				C856BC791FBF57420049CFCC /* MAth__Tests.swift */,
				C856BC7B1FC2D2210049CFCC /* Mix_test.swift */,
				C8EC9FA31FC6F05B00C412CA /* Mix_MOrtgage_Test.swift */,
			);
			path = Mortagage_UtilitiesTests;
			sourceTree = "<group>";
		};
		C8745BFD1F9E881D009607C1 /* Mortagage_UtilitiesUITests */ = {
			isa = PBXGroup;
			children = (
				C8745BFE1F9E881D009607C1 /* Mortagage_UtilitiesUITests.swift */,
				C8745C001F9E881D009607C1 /* Info.plist */,
			);
			path = Mortagage_UtilitiesUITests;
			sourceTree = "<group>";
		};
		C8745C131F9F00E4009607C1 /* util */ = {
			isa = PBXGroup;
			children = (
				C8745C181F9F010D009607C1 /* calculusHipoteca.swift */,
				C8745C161F9F010D009607C1 /* CashFlowSim.swift */,
				C8745C151F9F010D009607C1 /* DatesTools.swift */,
				C8745C171F9F010D009607C1 /* FileTools.swift */,
				C8745C141F9F010D009607C1 /* SimulaHipotecaFut.swift */,
				C8B15E6E1FA9A84F005E68FA /* RandomizeUt.swift */,
				C8FA30621FA9BCE600984466 /* RandomizeUt_2.swift */,
				C802EA591FAF94A6007A15F7 /* FuncStyle */,
				C80C47A71FBE2AD4001D0F64 /* RandomizeUt_3.swift */,
				C856BC771FBEF46C0049CFCC /* MathFunctions.swift */,
				C8EC9FA11FC4201400C412CA /* RandomizeUt_4.swift */,
			);
			path = util;
			sourceTree = "<group>";
		};
		C8745C201F9F248D009607C1 /* Funct */ = {
			isa = PBXGroup;
			children = (
				C8745C0E1F9EFE26009607C1 /* Mix.swift */,
				C8745C101F9EFFA2009607C1 /* Mix_Mortgage.swift */,
				C8745C1E1F9F2485009607C1 /* Functionals_Utilities.swift */,
				C8FA30641FA9C07E00984466 /* Functional_Utilities_2.swift */,
				C8667C3A1FC70F8C00519218 /* Mix_Mortgage2.swift */,
			);
			path = Funct;
			sourceTree = "<group>";
		};
/* End PBXGroup section */

/* Begin PBXNativeTarget section */
		C8745BDA1F9E881D009607C1 /* Mortagage_Utilities */ = {
			isa = PBXNativeTarget;
			buildConfigurationList = C8745C031F9E881D009607C1 /* Build configuration list for PBXNativeTarget "Mortagage_Utilities" */;
			buildPhases = (
				C8745BD71F9E881D009607C1 /* Sources */,
				C8745BD81F9E881D009607C1 /* Frameworks */,
				C8745BD91F9E881D009607C1 /* Resources */,
			);
			buildRules = (
			);
			dependencies = (
			);
			name = Mortagage_Utilities;
			productName = Mortagage_Utilities;
			productReference = C8745BDB1F9E881D009607C1 /* Mortagage_Utilities.app */;
			productType = "com.apple.product-type.application";
		};
		C8745BEE1F9E881D009607C1 /* Mortagage_UtilitiesTests */ = {
			isa = PBXNativeTarget;
			buildConfigurationList = C8745C061F9E881D009607C1 /* Build configuration list for PBXNativeTarget "Mortagage_UtilitiesTests" */;
			buildPhases = (
				C8745BEB1F9E881D009607C1 /* Sources */,
				C8745BEC1F9E881D009607C1 /* Frameworks */,
				C8745BED1F9E881D009607C1 /* Resources */,
			);
			buildRules = (
			);
			dependencies = (
				C8745BF11F9E881D009607C1 /* PBXTargetDependency */,
			);
			name = Mortagage_UtilitiesTests;
			productName = Mortagage_UtilitiesTests;
			productReference = C8745BEF1F9E881D009607C1 /* Mortagage_UtilitiesTests.xctest */;
			productType = "com.apple.product-type.bundle.unit-test";
		};
		C8745BF91F9E881D009607C1 /* Mortagage_UtilitiesUITests */ = {
			isa = PBXNativeTarget;
			buildConfigurationList = C8745C091F9E881D009607C1 /* Build configuration list for PBXNativeTarget "Mortagage_UtilitiesUITests" */;
			buildPhases = (
				C8745BF61F9E881D009607C1 /* Sources */,
				C8745BF71F9E881D009607C1 /* Frameworks */,
				C8745BF81F9E881D009607C1 /* Resources */,
			);
			buildRules = (
			);
			dependencies = (
				C8745BFC1F9E881D009607C1 /* PBXTargetDependency */,
			);
			name = Mortagage_UtilitiesUITests;
			productName = Mortagage_UtilitiesUITests;
			productReference = C8745BFA1F9E881D009607C1 /* Mortagage_UtilitiesUITests.xctest */;
			productType = "com.apple.product-type.bundle.ui-testing";
		};
/* End PBXNativeTarget section */

/* Begin PBXProject section */
		C8745BD31F9E881D009607C1 /* Project object */ = {
			isa = PBXProject;
			attributes = {
				LastSwiftUpdateCheck = 0900;
				LastUpgradeCheck = 0900;
				ORGANIZATIONNAME = "Antonio Muñoz";
				TargetAttributes = {
					C8745BDA1F9E881D009607C1 = {
						CreatedOnToolsVersion = 9.0.1;
						ProvisioningStyle = Automatic;
					};
					C8745BEE1F9E881D009607C1 = {
						CreatedOnToolsVersion = 9.0.1;
						ProvisioningStyle = Automatic;
						TestTargetID = C8745BDA1F9E881D009607C1;
					};
					C8745BF91F9E881D009607C1 = {
						CreatedOnToolsVersion = 9.0.1;
						ProvisioningStyle = Automatic;
						TestTargetID = C8745BDA1F9E881D009607C1;
					};
				};
			};
			buildConfigurationList = C8745BD61F9E881D009607C1 /* Build configuration list for PBXProject "Mortagage_Utilities" */;
			compatibilityVersion = "Xcode 8.0";
			developmentRegion = en;
			hasScannedForEncodings = 0;
			knownRegions = (
				en,
				Base,
			);
			mainGroup = C8745BD21F9E881D009607C1;
			productRefGroup = C8745BDC1F9E881D009607C1 /* Products */;
			projectDirPath = "";
			projectRoot = "";
			targets = (
				C8745BDA1F9E881D009607C1 /* Mortagage_Utilities */,
				C8745BEE1F9E881D009607C1 /* Mortagage_UtilitiesTests */,
				C8745BF91F9E881D009607C1 /* Mortagage_UtilitiesUITests */,
			);
		};
/* End PBXProject section */

/* Begin PBXResourcesBuildPhase section */
		C8745BD91F9E881D009607C1 /* Resources */ = {
			isa = PBXResourcesBuildPhase;
			buildActionMask = 2147483647;
			files = (
				C8745BE91F9E881D009607C1 /* LaunchScreen.storyboard in Resources */,
				C8745BE61F9E881D009607C1 /* Assets.xcassets in Resources */,
				C8745BE41F9E881D009607C1 /* Main.storyboard in Resources */,
			);
			runOnlyForDeploymentPostprocessing = 0;
		};
		C8745BED1F9E881D009607C1 /* Resources */ = {
			isa = PBXResourcesBuildPhase;
			buildActionMask = 2147483647;
			files = (
			);
			runOnlyForDeploymentPostprocessing = 0;
		};
		C8745BF81F9E881D009607C1 /* Resources */ = {
			isa = PBXResourcesBuildPhase;
			buildActionMask = 2147483647;
			files = (
			);
			runOnlyForDeploymentPostprocessing = 0;
		};
/* End PBXResourcesBuildPhase section */

/* Begin PBXSourcesBuildPhase section */
		C8745BD71F9E881D009607C1 /* Sources */ = {
			isa = PBXSourcesBuildPhase;
			buildActionMask = 2147483647;
			files = (
				C8745C1C1F9F010D009607C1 /* FileTools.swift in Sources */,
				C8745C1F1F9F2485009607C1 /* Functionals_Utilities.swift in Sources */,
				C8B15E6F1FA9A84F005E68FA /* RandomizeUt.swift in Sources */,
				C8EC9FA21FC4201400C412CA /* RandomizeUt_4.swift in Sources */,
				C8667C3B1FC70F8C00519218 /* Mix_Mortgage2.swift in Sources */,
				C8745C1A1F9F010D009607C1 /* DatesTools.swift in Sources */,
				C8745C1D1F9F010D009607C1 /* calculusHipoteca.swift in Sources */,
				C856BC781FBEF46C0049CFCC /* MathFunctions.swift in Sources */,
				C802EA581FAF949A007A15F7 /* SimulaHip.swift in Sources */,
				C8745BE11F9E881D009607C1 /* ViewController.swift in Sources */,
				C8FA30651FA9C07E00984466 /* Functional_Utilities_2.swift in Sources */,
				C80C47A81FBE2AD4001D0F64 /* RandomizeUt_3.swift in Sources */,
				C8FA30631FA9BCE600984466 /* RandomizeUt_2.swift in Sources */,
				C802EA5B1FAF94C9007A15F7 /* SimulaHip_2.swift in Sources */,
				C8745C191F9F010D009607C1 /* SimulaHipotecaFut.swift in Sources */,
				C8745C0D1F9E8C08009607C1 /* FilesUtil.swift in Sources */,
				C8745C1B1F9F010D009607C1 /* CashFlowSim.swift in Sources */,
				C805F1721FB59BC800DC941F /* SimulaHip_3.swift in Sources */,
				C8745C0F1F9EFE26009607C1 /* Mix.swift in Sources */,
				C8745BDF1F9E881D009607C1 /* AppDelegate.swift in Sources */,
				C8745C121F9EFFBC009607C1 /* Mix_Mortgage.swift in Sources */,
			);
			runOnlyForDeploymentPostprocessing = 0;
		};
		C8745BEB1F9E881D009607C1 /* Sources */ = {
			isa = PBXSourcesBuildPhase;
			buildActionMask = 2147483647;
			files = (
				C8745BF41F9E881D009607C1 /* Mortagage_UtilitiesTests.swift in Sources */,
				C8FA30691FA9DA4000984466 /* functionalTests.swift in Sources */,
				C8EC9FA41FC6F05B00C412CA /* Mix_MOrtgage_Test.swift in Sources */,
				C84972191FAE46A4002AB709 /* simulaTest.swift in Sources */,
				C856BC7A1FBF57420049CFCC /* MAth__Tests.swift in Sources */,
				C856BC7C1FC2D2210049CFCC /* Mix_test.swift in Sources */,
				C8FA30671FA9CB0900984466 /* randomizeTests.swift in Sources */,
			);
			runOnlyForDeploymentPostprocessing = 0;
		};
		C8745BF61F9E881D009607C1 /* Sources */ = {
			isa = PBXSourcesBuildPhase;
			buildActionMask = 2147483647;
			files = (
				C8745BFF1F9E881D009607C1 /* Mortagage_UtilitiesUITests.swift in Sources */,
			);
			runOnlyForDeploymentPostprocessing = 0;
		};
/* End PBXSourcesBuildPhase section */

/* Begin PBXTargetDependency section */
		C8745BF11F9E881D009607C1 /* PBXTargetDependency */ = {
			isa = PBXTargetDependency;
			target = C8745BDA1F9E881D009607C1 /* Mortagage_Utilities */;
			targetProxy = C8745BF01F9E881D009607C1 /* PBXContainerItemProxy */;
		};
		C8745BFC1F9E881D009607C1 /* PBXTargetDependency */ = {
			isa = PBXTargetDependency;
			target = C8745BDA1F9E881D009607C1 /* Mortagage_Utilities */;
			targetProxy = C8745BFB1F9E881D009607C1 /* PBXContainerItemProxy */;
		};
/* End PBXTargetDependency section */

/* Begin PBXVariantGroup section */
		C8745BE21F9E881D009607C1 /* Main.storyboard */ = {
			isa = PBXVariantGroup;
			children = (
				C8745BE31F9E881D009607C1 /* Base */,
			);
			name = Main.storyboard;
			sourceTree = "<group>";
		};
		C8745BE71F9E881D009607C1 /* LaunchScreen.storyboard */ = {
			isa = PBXVariantGroup;
			children = (
				C8745BE81F9E881D009607C1 /* Base */,
			);
			name = LaunchScreen.storyboard;
			sourceTree = "<group>";
		};
/* End PBXVariantGroup section */

/* Begin XCBuildConfiguration section */
		C8745C011F9E881D009607C1 /* Debug */ = {
			isa = XCBuildConfiguration;
			buildSettings = {
				ALWAYS_SEARCH_USER_PATHS = NO;
				CLANG_ANALYZER_NONNULL = YES;
				CLANG_ANALYZER_NUMBER_OBJECT_CONVERSION = YES_AGGRESSIVE;
				CLANG_CXX_LANGUAGE_STANDARD = "gnu++14";
				CLANG_CXX_LIBRARY = "libc++";
				CLANG_ENABLE_MODULES = YES;
				CLANG_ENABLE_OBJC_ARC = YES;
				CLANG_WARN_BLOCK_CAPTURE_AUTORELEASING = YES;
				CLANG_WARN_BOOL_CONVERSION = YES;
				CLANG_WARN_COMMA = YES;
				CLANG_WARN_CONSTANT_CONVERSION = YES;
				CLANG_WARN_DIRECT_OBJC_ISA_USAGE = YES_ERROR;
				CLANG_WARN_DOCUMENTATION_COMMENTS = YES;
				CLANG_WARN_EMPTY_BODY = YES;
				CLANG_WARN_ENUM_CONVERSION = YES;
				CLANG_WARN_INFINITE_RECURSION = YES;
				CLANG_WARN_INT_CONVERSION = YES;
				CLANG_WARN_NON_LITERAL_NULL_CONVERSION = YES;
				CLANG_WARN_OBJC_LITERAL_CONVERSION = YES;
				CLANG_WARN_OBJC_ROOT_CLASS = YES_ERROR;
				CLANG_WARN_RANGE_LOOP_ANALYSIS = YES;
				CLANG_WARN_STRICT_PROTOTYPES = YES;
				CLANG_WARN_SUSPICIOUS_MOVE = YES;
				CLANG_WARN_UNGUARDED_AVAILABILITY = YES_AGGRESSIVE;
				CLANG_WARN_UNREACHABLE_CODE = YES;
				CLANG_WARN__DUPLICATE_METHOD_MATCH = YES;
				CODE_SIGN_IDENTITY = "iPhone Developer";
				COPY_PHASE_STRIP = NO;
				DEBUG_INFORMATION_FORMAT = dwarf;
				ENABLE_STRICT_OBJC_MSGSEND = YES;
				ENABLE_TESTABILITY = YES;
				GCC_C_LANGUAGE_STANDARD = gnu11;
				GCC_DYNAMIC_NO_PIC = NO;
				GCC_NO_COMMON_BLOCKS = YES;
				GCC_OPTIMIZATION_LEVEL = 0;
				GCC_PREPROCESSOR_DEFINITIONS = (
					"DEBUG=1",
					"$(inherited)",
				);
				GCC_WARN_64_TO_32_BIT_CONVERSION = YES;
				GCC_WARN_ABOUT_RETURN_TYPE = YES_ERROR;
				GCC_WARN_UNDECLARED_SELECTOR = YES;
				GCC_WARN_UNINITIALIZED_AUTOS = YES_AGGRESSIVE;
				GCC_WARN_UNUSED_FUNCTION = YES;
				GCC_WARN_UNUSED_VARIABLE = YES;
				IPHONEOS_DEPLOYMENT_TARGET = 11.0;
				MTL_ENABLE_DEBUG_INFO = YES;
				ONLY_ACTIVE_ARCH = YES;
				SDKROOT = iphoneos;
				SWIFT_ACTIVE_COMPILATION_CONDITIONS = DEBUG;
				SWIFT_OPTIMIZATION_LEVEL = "-Onone";
			};
			name = Debug;
		};
		C8745C021F9E881D009607C1 /* Release */ = {
			isa = XCBuildConfiguration;
			buildSettings = {
				ALWAYS_SEARCH_USER_PATHS = NO;
				CLANG_ANALYZER_NONNULL = YES;
				CLANG_ANALYZER_NUMBER_OBJECT_CONVERSION = YES_AGGRESSIVE;
				CLANG_CXX_LANGUAGE_STANDARD = "gnu++14";
				CLANG_CXX_LIBRARY = "libc++";
				CLANG_ENABLE_MODULES = YES;
				CLANG_ENABLE_OBJC_ARC = YES;
				CLANG_WARN_BLOCK_CAPTURE_AUTORELEASING = YES;
				CLANG_WARN_BOOL_CONVERSION = YES;
				CLANG_WARN_COMMA = YES;
				CLANG_WARN_CONSTANT_CONVERSION = YES;
				CLANG_WARN_DIRECT_OBJC_ISA_USAGE = YES_ERROR;
				CLANG_WARN_DOCUMENTATION_COMMENTS = YES;
				CLANG_WARN_EMPTY_BODY = YES;
				CLANG_WARN_ENUM_CONVERSION = YES;
				CLANG_WARN_INFINITE_RECURSION = YES;
				CLANG_WARN_INT_CONVERSION = YES;
				CLANG_WARN_NON_LITERAL_NULL_CONVERSION = YES;
				CLANG_WARN_OBJC_LITERAL_CONVERSION = YES;
				CLANG_WARN_OBJC_ROOT_CLASS = YES_ERROR;
				CLANG_WARN_RANGE_LOOP_ANALYSIS = YES;
				CLANG_WARN_STRICT_PROTOTYPES = YES;
				CLANG_WARN_SUSPICIOUS_MOVE = YES;
				CLANG_WARN_UNGUARDED_AVAILABILITY = YES_AGGRESSIVE;
				CLANG_WARN_UNREACHABLE_CODE = YES;
				CLANG_WARN__DUPLICATE_METHOD_MATCH = YES;
				CODE_SIGN_IDENTITY = "iPhone Developer";
				COPY_PHASE_STRIP = NO;
				DEBUG_INFORMATION_FORMAT = "dwarf-with-dsym";
				ENABLE_NS_ASSERTIONS = NO;
				ENABLE_STRICT_OBJC_MSGSEND = YES;
				GCC_C_LANGUAGE_STANDARD = gnu11;
				GCC_NO_COMMON_BLOCKS = YES;
				GCC_WARN_64_TO_32_BIT_CONVERSION = YES;
				GCC_WARN_ABOUT_RETURN_TYPE = YES_ERROR;
				GCC_WARN_UNDECLARED_SELECTOR = YES;
				GCC_WARN_UNINITIALIZED_AUTOS = YES_AGGRESSIVE;
				GCC_WARN_UNUSED_FUNCTION = YES;
				GCC_WARN_UNUSED_VARIABLE = YES;
				IPHONEOS_DEPLOYMENT_TARGET = 11.0;
				MTL_ENABLE_DEBUG_INFO = NO;
				SDKROOT = iphoneos;
				SWIFT_OPTIMIZATION_LEVEL = "-Owholemodule";
				VALIDATE_PRODUCT = YES;
			};
			name = Release;
		};
		C8745C041F9E881D009607C1 /* Debug */ = {
			isa = XCBuildConfiguration;
			buildSettings = {
				ASSETCATALOG_COMPILER_APPICON_NAME = AppIcon;
				CODE_SIGN_STYLE = Automatic;
				DEVELOPMENT_TEAM = RQQMLGW4S8;
				GCC_WARN_UNUSED_VALUE = NO;
				GCC_WARN_UNUSED_VARIABLE = NO;
				INFOPLIST_FILE = Mortagage_Utilities/Info.plist;
				LD_RUNPATH_SEARCH_PATHS = "$(inherited) @executable_path/Frameworks";
				PRODUCT_BUNDLE_IDENTIFIER = "com.Antonio.pruebas1.Mortagage-Utilities";
				PRODUCT_NAME = "$(TARGET_NAME)";
				SWIFT_SUPPRESS_WARNINGS = YES;
				SWIFT_VERSION = 4.0;
				TARGETED_DEVICE_FAMILY = "1,2";
			};
			name = Debug;
		};
		C8745C051F9E881D009607C1 /* Release */ = {
			isa = XCBuildConfiguration;
			buildSettings = {
				ASSETCATALOG_COMPILER_APPICON_NAME = AppIcon;
				CODE_SIGN_STYLE = Automatic;
				DEVELOPMENT_TEAM = RQQMLGW4S8;
				GCC_WARN_UNUSED_VARIABLE = YES;
				INFOPLIST_FILE = Mortagage_Utilities/Info.plist;
				LD_RUNPATH_SEARCH_PATHS = "$(inherited) @executable_path/Frameworks";
				PRODUCT_BUNDLE_IDENTIFIER = "com.Antonio.pruebas1.Mortagage-Utilities";
				PRODUCT_NAME = "$(TARGET_NAME)";
				SWIFT_SUPPRESS_WARNINGS = YES;
				SWIFT_VERSION = 4.0;
				TARGETED_DEVICE_FAMILY = "1,2";
			};
			name = Release;
		};
		C8745C071F9E881D009607C1 /* Debug */ = {
			isa = XCBuildConfiguration;
			buildSettings = {
				ALWAYS_EMBED_SWIFT_STANDARD_LIBRARIES = YES;
				BUNDLE_LOADER = "$(TEST_HOST)";
				CODE_SIGN_STYLE = Automatic;
				INFOPLIST_FILE = Mortagage_UtilitiesTests/Info.plist;
				LD_RUNPATH_SEARCH_PATHS = "$(inherited) @executable_path/Frameworks @loader_path/Frameworks";
				PRODUCT_BUNDLE_IDENTIFIER = "com.Antonio.pruebas1.Mortagage-UtilitiesTests";
				PRODUCT_NAME = "$(TARGET_NAME)";
				SWIFT_SUPPRESS_WARNINGS = YES;
				SWIFT_VERSION = 4.0;
				TARGETED_DEVICE_FAMILY = "1,2";
				TEST_HOST = "$(BUILT_PRODUCTS_DIR)/Mortagage_Utilities.app/Mortagage_Utilities";
			};
			name = Debug;
		};
		C8745C081F9E881D009607C1 /* Release */ = {
			isa = XCBuildConfiguration;
			buildSettings = {
				ALWAYS_EMBED_SWIFT_STANDARD_LIBRARIES = YES;
				BUNDLE_LOADER = "$(TEST_HOST)";
				CODE_SIGN_STYLE = Automatic;
				INFOPLIST_FILE = Mortagage_UtilitiesTests/Info.plist;
				LD_RUNPATH_SEARCH_PATHS = "$(inherited) @executable_path/Frameworks @loader_path/Frameworks";
				PRODUCT_BUNDLE_IDENTIFIER = "com.Antonio.pruebas1.Mortagage-UtilitiesTests";
				PRODUCT_NAME = "$(TARGET_NAME)";
				SWIFT_SUPPRESS_WARNINGS = NO;
				SWIFT_VERSION = 4.0;
				TARGETED_DEVICE_FAMILY = "1,2";
				TEST_HOST = "$(BUILT_PRODUCTS_DIR)/Mortagage_Utilities.app/Mortagage_Utilities";
			};
			name = Release;
		};
		C8745C0A1F9E881D009607C1 /* Debug */ = {
			isa = XCBuildConfiguration;
			buildSettings = {
				ALWAYS_EMBED_SWIFT_STANDARD_LIBRARIES = YES;
				CODE_SIGN_STYLE = Automatic;
				INFOPLIST_FILE = Mortagage_UtilitiesUITests/Info.plist;
				LD_RUNPATH_SEARCH_PATHS = "$(inherited) @executable_path/Frameworks @loader_path/Frameworks";
				PRODUCT_BUNDLE_IDENTIFIER = "com.Antonio.pruebas1.Mortagage-UtilitiesUITests";
				PRODUCT_NAME = "$(TARGET_NAME)";
				SWIFT_VERSION = 4.0;
				TARGETED_DEVICE_FAMILY = "1,2";
				TEST_TARGET_NAME = Mortagage_Utilities;
			};
			name = Debug;
		};
		C8745C0B1F9E881D009607C1 /* Release */ = {
			isa = XCBuildConfiguration;
			buildSettings = {
				ALWAYS_EMBED_SWIFT_STANDARD_LIBRARIES = YES;
				CODE_SIGN_STYLE = Automatic;
				INFOPLIST_FILE = Mortagage_UtilitiesUITests/Info.plist;
				LD_RUNPATH_SEARCH_PATHS = "$(inherited) @executable_path/Frameworks @loader_path/Frameworks";
				PRODUCT_BUNDLE_IDENTIFIER = "com.Antonio.pruebas1.Mortagage-UtilitiesUITests";
				PRODUCT_NAME = "$(TARGET_NAME)";
				SWIFT_VERSION = 4.0;
				TARGETED_DEVICE_FAMILY = "1,2";
				TEST_TARGET_NAME = Mortagage_Utilities;
			};
			name = Release;
		};
/* End XCBuildConfiguration section */

/* Begin XCConfigurationList section */
		C8745BD61F9E881D009607C1 /* Build configuration list for PBXProject "Mortagage_Utilities" */ = {
			isa = XCConfigurationList;
			buildConfigurations = (
				C8745C011F9E881D009607C1 /* Debug */,
				C8745C021F9E881D009607C1 /* Release */,
			);
			defaultConfigurationIsVisible = 0;
			defaultConfigurationName = Release;
		};
		C8745C031F9E881D009607C1 /* Build configuration list for PBXNativeTarget "Mortagage_Utilities" */ = {
			isa = XCConfigurationList;
			buildConfigurations = (
				C8745C041F9E881D009607C1 /* Debug */,
				C8745C051F9E881D009607C1 /* Release */,
			);
			defaultConfigurationIsVisible = 0;
			defaultConfigurationName = Release;
		};
		C8745C061F9E881D009607C1 /* Build configuration list for PBXNativeTarget "Mortagage_UtilitiesTests" */ = {
			isa = XCConfigurationList;
			buildConfigurations = (
				C8745C071F9E881D009607C1 /* Debug */,
				C8745C081F9E881D009607C1 /* Release */,
			);
			defaultConfigurationIsVisible = 0;
			defaultConfigurationName = Release;
		};
		C8745C091F9E881D009607C1 /* Build configuration list for PBXNativeTarget "Mortagage_UtilitiesUITests" */ = {
			isa = XCConfigurationList;
			buildConfigurations = (
				C8745C0A1F9E881D009607C1 /* Debug */,
				C8745C0B1F9E881D009607C1 /* Release */,
			);
			defaultConfigurationIsVisible = 0;
			defaultConfigurationName = Release;
		};
/* End XCConfigurationList section */
	};
	rootObject = C8745BD31F9E881D009607C1 /* Project object */;
}
